
Microsoft Visual Studio Solution File, Format Version 12.00
# Visual Studio Version 17
VisualStudioVersion = 17.11.35312.102
MinimumVisualStudioVersion = 10.0.40219.1
Project("{FAE04EC0-301F-11D3-BF4B-00C04F79EFBC}") = "App_biblioteca", "App_biblioteca.csproj", "{00636B32-9AA2-47B8-B832-7BEC75EF8A86}"
EndProject
Global
	GlobalSection(SolutionConfigurationPlatforms) = preSolution
		Debug|Any CPU = Debug|Any CPU
		Release|Any CPU = Release|Any CPU
	EndGlobalSection
	GlobalSection(ProjectConfigurationPlatforms) = postSolution
		{00636B32-9AA2-47B8-B832-7BEC75EF8A86}.Debug|Any CPU.ActiveCfg = Debug|Any CPU
		{00636B32-9AA2-47B8-B832-7BEC75EF8A86}.Debug|Any CPU.Build.0 = Debug|Any CPU
		{00636B32-9AA2-47B8-B832-7BEC75EF8A86}.Release|Any CPU.ActiveCfg = Release|Any CPU
		{00636B32-9AA2-47B8-B832-7BEC75EF8A86}.Release|Any CPU.Build.0 = Release|Any CPU
	EndGlobalSection
	GlobalSection(SolutionProperties) = preSolution
		HideSolutionNode = FALSE
	EndGlobalSection
	GlobalSection(ExtensibilityGlobals) = postSolution
		SolutionGuid = {5FE8EB09-84EF-4758-8C19-A0C90A2A8801}
	EndGlobalSection
EndGlobal
